// !$*UTF8*$!
{
	archiveVersion = 1;
	classes = {
	};
	objectVersion = 46;
	objects = {

/* Begin PBXBuildFile section */
		D40658A421423090005732FE /* Reachability.swift in Sources */ = {isa = PBXBuildFile; fileRef = D40658A321423090005732FE /* Reachability.swift */; };
		FC471C671E0A4EDE00D80209 /* AppDelegate.swift in Sources */ = {isa = PBXBuildFile; fileRef = FC471C661E0A4EDE00D80209 /* AppDelegate.swift */; };
		FC471C691E0A4EDE00D80209 /* ViewController.swift in Sources */ = {isa = PBXBuildFile; fileRef = FC471C681E0A4EDE00D80209 /* ViewController.swift */; };
		FC471C6C1E0A4EDE00D80209 /* Main.storyboard in Resources */ = {isa = PBXBuildFile; fileRef = FC471C6A1E0A4EDE00D80209 /* Main.storyboard */; };
		FC471C711E0A4EDE00D80209 /* LaunchScreen.storyboard in Resources */ = {isa = PBXBuildFile; fileRef = FC471C6F1E0A4EDE00D80209 /* LaunchScreen.storyboard */; };
		FC471C7F1E0B08A500D80209 /* KeyboardViewController.swift in Sources */ = {isa = PBXBuildFile; fileRef = FC471C7E1E0B08A500D80209 /* KeyboardViewController.swift */; };
		FC471C831E0B08A500D80209 /* ArabGleezi keyboard.appex in Embed App Extensions */ = {isa = PBXBuildFile; fileRef = FC471C7C1E0B08A500D80209 /* ArabGleezi keyboard.appex */; settings = {ATTRIBUTES = (RemoveHeadersOnCopy, ); }; };
		FC471CA41E0CB85800D80209 /* keyBoard.swift in Sources */ = {isa = PBXBuildFile; fileRef = FC471CA21E0CB85800D80209 /* keyBoard.swift */; };
		FC471CA71E0CB8F400D80209 /* lisuKeyboardLayout.swift in Sources */ = {isa = PBXBuildFile; fileRef = FC471CA51E0CB8F400D80209 /* lisuKeyboardLayout.swift */; };
		FC471CAD1E0CBB4800D80209 /* Key.swift in Sources */ = {isa = PBXBuildFile; fileRef = FC471CAB1E0CBB4800D80209 /* Key.swift */; };
		FC5225EC1E1CB4B50080807D /* keyButton.swift in Sources */ = {isa = PBXBuildFile; fileRef = FC5225EB1E1CB4B50080807D /* keyButton.swift */; };
		FC92D3641E52339E000656F6 /* Media.xcassets in Resources */ = {isa = PBXBuildFile; fileRef = FCED01761E2608DD00BFB395 /* Media.xcassets */; };
		FCED01771E2608DD00BFB395 /* Media.xcassets in Resources */ = {isa = PBXBuildFile; fileRef = FCED01761E2608DD00BFB395 /* Media.xcassets */; };
/* End PBXBuildFile section */

/* Begin PBXContainerItemProxy section */
		FCB2EC581E200F8500C0DF33 /* PBXContainerItemProxy */ = {
			isa = PBXContainerItemProxy;
			containerPortal = FC471C5B1E0A4EDE00D80209 /* Project object */;
			proxyType = 1;
			remoteGlobalIDString = FC471C7B1E0B08A500D80209;
			remoteInfo = "ArabGleezi keyboard";
		};
/* End PBXContainerItemProxy section */

/* Begin PBXCopyFilesBuildPhase section */
		FC471C871E0B08A500D80209 /* Embed App Extensions */ = {
			isa = PBXCopyFilesBuildPhase;
			buildActionMask = 2147483647;
			dstPath = "";
			dstSubfolderSpec = 13;
			files = (
				FC471C831E0B08A500D80209 /* ArabGleezi keyboard.appex in Embed App Extensions */,
			);
			name = "Embed App Extensions";
			runOnlyForDeploymentPostprocessing = 0;
		};
/* End PBXCopyFilesBuildPhase section */

/* Begin PBXFileReference section */
		D40658A321423090005732FE /* Reachability.swift */ = {isa = PBXFileReference; lastKnownFileType = sourcecode.swift; path = Reachability.swift; sourceTree = "<group>"; };
		FC471C631E0A4EDE00D80209 /* ArabGleezi.app */ = {isa = PBXFileReference; explicitFileType = wrapper.application; includeInIndex = 0; path = ArabGleezi.app; sourceTree = BUILT_PRODUCTS_DIR; };
		FC471C661E0A4EDE00D80209 /* AppDelegate.swift */ = {isa = PBXFileReference; lastKnownFileType = sourcecode.swift; path = AppDelegate.swift; sourceTree = "<group>"; };
		FC471C681E0A4EDE00D80209 /* ViewController.swift */ = {isa = PBXFileReference; lastKnownFileType = sourcecode.swift; path = ViewController.swift; sourceTree = "<group>"; };
		FC471C6B1E0A4EDE00D80209 /* Base */ = {isa = PBXFileReference; lastKnownFileType = file.storyboard; name = Base; path = Base.lproj/Main.storyboard; sourceTree = "<group>"; };
		FC471C701E0A4EDE00D80209 /* Base */ = {isa = PBXFileReference; lastKnownFileType = file.storyboard; name = Base; path = Base.lproj/LaunchScreen.storyboard; sourceTree = "<group>"; };
		FC471C721E0A4EDE00D80209 /* Info.plist */ = {isa = PBXFileReference; lastKnownFileType = text.plist.xml; path = Info.plist; sourceTree = "<group>"; };
		FC471C7C1E0B08A500D80209 /* ArabGleezi keyboard.appex */ = {isa = PBXFileReference; explicitFileType = "wrapper.app-extension"; includeInIndex = 0; path = "ArabGleezi keyboard.appex"; sourceTree = BUILT_PRODUCTS_DIR; };
		FC471C7E1E0B08A500D80209 /* KeyboardViewController.swift */ = {isa = PBXFileReference; lastKnownFileType = sourcecode.swift; path = KeyboardViewController.swift; sourceTree = "<group>"; };
		FC471C801E0B08A500D80209 /* Info.plist */ = {isa = PBXFileReference; lastKnownFileType = text.plist.xml; path = Info.plist; sourceTree = "<group>"; };
		FC471CA21E0CB85800D80209 /* keyBoard.swift */ = {isa = PBXFileReference; fileEncoding = 4; lastKnownFileType = sourcecode.swift; path = keyBoard.swift; sourceTree = "<group>"; };
		FC471CA51E0CB8F400D80209 /* lisuKeyboardLayout.swift */ = {isa = PBXFileReference; fileEncoding = 4; lastKnownFileType = sourcecode.swift; path = lisuKeyboardLayout.swift; sourceTree = "<group>"; };
		FC471CAB1E0CBB4800D80209 /* Key.swift */ = {isa = PBXFileReference; fileEncoding = 4; lastKnownFileType = sourcecode.swift; path = Key.swift; sourceTree = "<group>"; };
		FC5225EB1E1CB4B50080807D /* keyButton.swift */ = {isa = PBXFileReference; fileEncoding = 4; lastKnownFileType = sourcecode.swift; path = keyButton.swift; sourceTree = "<group>"; };
		FCED01761E2608DD00BFB395 /* Media.xcassets */ = {isa = PBXFileReference; lastKnownFileType = folder.assetcatalog; path = Media.xcassets; sourceTree = "<group>"; };
/* End PBXFileReference section */

/* Begin PBXFrameworksBuildPhase section */
		FC471C601E0A4EDE00D80209 /* Frameworks */ = {
			isa = PBXFrameworksBuildPhase;
			buildActionMask = 2147483647;
			files = (
			);
			runOnlyForDeploymentPostprocessing = 0;
		};
		FC471C791E0B08A500D80209 /* Frameworks */ = {
			isa = PBXFrameworksBuildPhase;
			buildActionMask = 2147483647;
			files = (
			);
			runOnlyForDeploymentPostprocessing = 0;
		};
/* End PBXFrameworksBuildPhase section */

/* Begin PBXGroup section */
		FC471C5A1E0A4EDE00D80209 = {
			isa = PBXGroup;
			children = (
				FC471C651E0A4EDE00D80209 /* ArabGleezi */,
				FC471C7D1E0B08A500D80209 /* ArabGleezi keyboard */,
				FC471C641E0A4EDE00D80209 /* Products */,
			);
			sourceTree = "<group>";
		};
		FC471C641E0A4EDE00D80209 /* Products */ = {
			isa = PBXGroup;
			children = (
				FC471C631E0A4EDE00D80209 /* ArabGleezi.app */,
				FC471C7C1E0B08A500D80209 /* ArabGleezi keyboard.appex */,
			);
			name = Products;
			sourceTree = "<group>";
		};
		FC471C651E0A4EDE00D80209 /* ArabGleezi */ = {
			isa = PBXGroup;
			children = (
				FC471C661E0A4EDE00D80209 /* AppDelegate.swift */,
				FC471C681E0A4EDE00D80209 /* ViewController.swift */,
				FC471C6A1E0A4EDE00D80209 /* Main.storyboard */,
				FC471C6F1E0A4EDE00D80209 /* LaunchScreen.storyboard */,
				FC471C721E0A4EDE00D80209 /* Info.plist */,
				FCED01761E2608DD00BFB395 /* Media.xcassets */,
			);
			path = ArabGleezi;
			sourceTree = "<group>";
		};
		FC471C7D1E0B08A500D80209 /* ArabGleezi keyboard */ = {
			isa = PBXGroup;
			children = (
				FC471C7E1E0B08A500D80209 /* KeyboardViewController.swift */,
				FC471CA51E0CB8F400D80209 /* lisuKeyboardLayout.swift */,
				D40658A321423090005732FE /* Reachability.swift */,
				FC471C801E0B08A500D80209 /* Info.plist */,
				FC5225EB1E1CB4B50080807D /* keyButton.swift */,
				FC471CA21E0CB85800D80209 /* keyBoard.swift */,
				FC471CAB1E0CBB4800D80209 /* Key.swift */,
			);
			path = "ArabGleezi keyboard";
			sourceTree = "<group>";
		};
/* End PBXGroup section */

/* Begin PBXNativeTarget section */
		FC471C621E0A4EDE00D80209 /* ArabGleezi */ = {
			isa = PBXNativeTarget;
			buildConfigurationList = FC471C751E0A4EDE00D80209 /* Build configuration list for PBXNativeTarget "ArabGleezi" */;
			buildPhases = (
				FC471C5F1E0A4EDE00D80209 /* Sources */,
				FC471C601E0A4EDE00D80209 /* Frameworks */,
				FC471C611E0A4EDE00D80209 /* Resources */,
				FC471C871E0B08A500D80209 /* Embed App Extensions */,
			);
			buildRules = (
			);
			dependencies = (
				FCB2EC591E200F8500C0DF33 /* PBXTargetDependency */,
			);
			name = ArabGleezi;
			productName = ArabGleezi;
			productReference = FC471C631E0A4EDE00D80209 /* ArabGleezi.app */;
			productType = "com.apple.product-type.application";
		};
		FC471C7B1E0B08A500D80209 /* ArabGleezi keyboard */ = {
			isa = PBXNativeTarget;
			buildConfigurationList = FC471C841E0B08A500D80209 /* Build configuration list for PBXNativeTarget "ArabGleezi keyboard" */;
			buildPhases = (
				FC471C781E0B08A500D80209 /* Sources */,
				FC471C791E0B08A500D80209 /* Frameworks */,
				FC471C7A1E0B08A500D80209 /* Resources */,
			);
			buildRules = (
			);
			dependencies = (
			);
			name = "ArabGleezi keyboard";
			productName = "ArabGleezi keyboard";
			productReference = FC471C7C1E0B08A500D80209 /* ArabGleezi keyboard.appex */;
			productType = "com.apple.product-type.app-extension";
		};
/* End PBXNativeTarget section */

/* Begin PBXProject section */
		FC471C5B1E0A4EDE00D80209 /* Project object */ = {
			isa = PBXProject;
			attributes = {
				LastSwiftUpdateCheck = 0810;
				LastUpgradeCheck = 1000;
				ORGANIZATIONNAME = "Amos Gwa";
				TargetAttributes = {
					FC471C621E0A4EDE00D80209 = {
						CreatedOnToolsVersion = 8.1;
						DevelopmentTeam = RPB3854KB6;
						ProvisioningStyle = Automatic;
						SystemCapabilities = {
							com.apple.ApplicationGroups.iOS = {
								enabled = 0;
							};
							com.apple.Push = {
								enabled = 0;
							};
						};
					};
					FC471C7B1E0B08A500D80209 = {
						CreatedOnToolsVersion = 8.1;
						DevelopmentTeam = RPB3854KB6;
						ProvisioningStyle = Automatic;
						SystemCapabilities = {
							com.apple.ApplicationGroups.iOS = {
								enabled = 0;
							};
						};
					};
				};
			};
			buildConfigurationList = FC471C5E1E0A4EDE00D80209 /* Build configuration list for PBXProject "ArabGleezi" */;
			compatibilityVersion = "Xcode 3.2";
			developmentRegion = English;
			hasScannedForEncodings = 0;
			knownRegions = (
				en,
				Base,
			);
			mainGroup = FC471C5A1E0A4EDE00D80209;
			productRefGroup = FC471C641E0A4EDE00D80209 /* Products */;
			projectDirPath = "";
			projectRoot = "";
			targets = (
				FC471C621E0A4EDE00D80209 /* ArabGleezi */,
				FC471C7B1E0B08A500D80209 /* ArabGleezi keyboard */,
			);
		};
/* End PBXProject section */

/* Begin PBXResourcesBuildPhase section */
		FC471C611E0A4EDE00D80209 /* Resources */ = {
			isa = PBXResourcesBuildPhase;
			buildActionMask = 2147483647;
			files = (
				FC471C711E0A4EDE00D80209 /* LaunchScreen.storyboard in Resources */,
				FC471C6C1E0A4EDE00D80209 /* Main.storyboard in Resources */,
				FCED01771E2608DD00BFB395 /* Media.xcassets in Resources */,
			);
			runOnlyForDeploymentPostprocessing = 0;
		};
		FC471C7A1E0B08A500D80209 /* Resources */ = {
			isa = PBXResourcesBuildPhase;
			buildActionMask = 2147483647;
			files = (
				FC92D3641E52339E000656F6 /* Media.xcassets in Resources */,
			);
			runOnlyForDeploymentPostprocessing = 0;
		};
/* End PBXResourcesBuildPhase section */

/* Begin PBXSourcesBuildPhase section */
		FC471C5F1E0A4EDE00D80209 /* Sources */ = {
			isa = PBXSourcesBuildPhase;
			buildActionMask = 2147483647;
			files = (
				FC471C691E0A4EDE00D80209 /* ViewController.swift in Sources */,
				FC471C671E0A4EDE00D80209 /* AppDelegate.swift in Sources */,
			);
			runOnlyForDeploymentPostprocessing = 0;
		};
		FC471C781E0B08A500D80209 /* Sources */ = {
			isa = PBXSourcesBuildPhase;
			buildActionMask = 2147483647;
			files = (
				FC471CAD1E0CBB4800D80209 /* Key.swift in Sources */,
				FC5225EC1E1CB4B50080807D /* keyButton.swift in Sources */,
				D40658A421423090005732FE /* Reachability.swift in Sources */,
				FC471C7F1E0B08A500D80209 /* KeyboardViewController.swift in Sources */,
				FC471CA41E0CB85800D80209 /* keyBoard.swift in Sources */,
				FC471CA71E0CB8F400D80209 /* lisuKeyboardLayout.swift in Sources */,
			);
			runOnlyForDeploymentPostprocessing = 0;
		};
/* End PBXSourcesBuildPhase section */

/* Begin PBXTargetDependency section */
		FCB2EC591E200F8500C0DF33 /* PBXTargetDependency */ = {
			isa = PBXTargetDependency;
			target = FC471C7B1E0B08A500D80209 /* ArabGleezi keyboard */;
			targetProxy = FCB2EC581E200F8500C0DF33 /* PBXContainerItemProxy */;
		};
/* End PBXTargetDependency section */

/* Begin PBXVariantGroup section */
		FC471C6A1E0A4EDE00D80209 /* Main.storyboard */ = {
			isa = PBXVariantGroup;
			children = (
				FC471C6B1E0A4EDE00D80209 /* Base */,
			);
			name = Main.storyboard;
			sourceTree = "<group>";
		};
		FC471C6F1E0A4EDE00D80209 /* LaunchScreen.storyboard */ = {
			isa = PBXVariantGroup;
			children = (
				FC471C701E0A4EDE00D80209 /* Base */,
			);
			name = LaunchScreen.storyboard;
			sourceTree = "<group>";
		};
/* End PBXVariantGroup section */

/* Begin XCBuildConfiguration section */
		FC471C731E0A4EDE00D80209 /* Debug */ = {
			isa = XCBuildConfiguration;
			buildSettings = {
				ALWAYS_SEARCH_USER_PATHS = NO;
				CLANG_ANALYZER_NONNULL = YES;
				CLANG_CXX_LANGUAGE_STANDARD = "gnu++0x";
				CLANG_CXX_LIBRARY = "libc++";
				CLANG_ENABLE_MODULES = YES;
				CLANG_ENABLE_OBJC_ARC = YES;
				CLANG_WARN_BLOCK_CAPTURE_AUTORELEASING = YES;
				CLANG_WARN_BOOL_CONVERSION = YES;
				CLANG_WARN_COMMA = YES;
				CLANG_WARN_CONSTANT_CONVERSION = YES;
				CLANG_WARN_DEPRECATED_OBJC_IMPLEMENTATIONS = YES;
				CLANG_WARN_DIRECT_OBJC_ISA_USAGE = YES_ERROR;
				CLANG_WARN_DOCUMENTATION_COMMENTS = YES;
				CLANG_WARN_EMPTY_BODY = YES;
				CLANG_WARN_ENUM_CONVERSION = YES;
				CLANG_WARN_INFINITE_RECURSION = YES;
				CLANG_WARN_INT_CONVERSION = YES;
				CLANG_WARN_NON_LITERAL_NULL_CONVERSION = YES;
				CLANG_WARN_OBJC_IMPLICIT_RETAIN_SELF = YES;
				CLANG_WARN_OBJC_LITERAL_CONVERSION = YES;
				CLANG_WARN_OBJC_ROOT_CLASS = YES_ERROR;
				CLANG_WARN_RANGE_LOOP_ANALYSIS = YES;
				CLANG_WARN_STRICT_PROTOTYPES = YES;
				CLANG_WARN_SUSPICIOUS_MOVE = YES;
				CLANG_WARN_SUSPICIOUS_MOVES = YES;
				CLANG_WARN_UNREACHABLE_CODE = YES;
				CLANG_WARN__DUPLICATE_METHOD_MATCH = YES;
				CODE_SIGN_IDENTITY = "iPhone Developer";
				"CODE_SIGN_IDENTITY[sdk=iphoneos*]" = "iPhone Developer";
				COPY_PHASE_STRIP = NO;
				DEBUG_INFORMATION_FORMAT = dwarf;
				DEVELOPMENT_TEAM = AQDKL45UZ8;
				ENABLE_STRICT_OBJC_MSGSEND = YES;
				ENABLE_TESTABILITY = YES;
				GCC_C_LANGUAGE_STANDARD = gnu99;
				GCC_DYNAMIC_NO_PIC = NO;
				GCC_NO_COMMON_BLOCKS = YES;
				GCC_OPTIMIZATION_LEVEL = 0;
				GCC_PREPROCESSOR_DEFINITIONS = (
					"DEBUG=1",
					"$(inherited)",
				);
				GCC_WARN_64_TO_32_BIT_CONVERSION = YES;
				GCC_WARN_ABOUT_RETURN_TYPE = YES_ERROR;
				GCC_WARN_UNDECLARED_SELECTOR = YES;
				GCC_WARN_UNINITIALIZED_AUTOS = YES_AGGRESSIVE;
				GCC_WARN_UNUSED_FUNCTION = YES;
				GCC_WARN_UNUSED_VARIABLE = YES;
				IPHONEOS_DEPLOYMENT_TARGET = 10.0;
				MTL_ENABLE_DEBUG_INFO = YES;
				ONLY_ACTIVE_ARCH = YES;
				SDKROOT = iphoneos;
				SWIFT_ACTIVE_COMPILATION_CONDITIONS = DEBUG;
				SWIFT_OPTIMIZATION_LEVEL = "-Onone";
				TARGETED_DEVICE_FAMILY = "1,2";
			};
			name = Debug;
		};
		FC471C741E0A4EDE00D80209 /* Release */ = {
			isa = XCBuildConfiguration;
			buildSettings = {
				ALWAYS_SEARCH_USER_PATHS = NO;
				CLANG_ANALYZER_NONNULL = YES;
				CLANG_CXX_LANGUAGE_STANDARD = "gnu++0x";
				CLANG_CXX_LIBRARY = "libc++";
				CLANG_ENABLE_MODULES = YES;
				CLANG_ENABLE_OBJC_ARC = YES;
				CLANG_WARN_BLOCK_CAPTURE_AUTORELEASING = YES;
				CLANG_WARN_BOOL_CONVERSION = YES;
				CLANG_WARN_COMMA = YES;
				CLANG_WARN_CONSTANT_CONVERSION = YES;
				CLANG_WARN_DEPRECATED_OBJC_IMPLEMENTATIONS = YES;
				CLANG_WARN_DIRECT_OBJC_ISA_USAGE = YES_ERROR;
				CLANG_WARN_DOCUMENTATION_COMMENTS = YES;
				CLANG_WARN_EMPTY_BODY = YES;
				CLANG_WARN_ENUM_CONVERSION = YES;
				CLANG_WARN_INFINITE_RECURSION = YES;
				CLANG_WARN_INT_CONVERSION = YES;
				CLANG_WARN_NON_LITERAL_NULL_CONVERSION = YES;
				CLANG_WARN_OBJC_IMPLICIT_RETAIN_SELF = YES;
				CLANG_WARN_OBJC_LITERAL_CONVERSION = YES;
				CLANG_WARN_OBJC_ROOT_CLASS = YES_ERROR;
				CLANG_WARN_RANGE_LOOP_ANALYSIS = YES;
				CLANG_WARN_STRICT_PROTOTYPES = YES;
				CLANG_WARN_SUSPICIOUS_MOVE = YES;
				CLANG_WARN_SUSPICIOUS_MOVES = YES;
				CLANG_WARN_UNREACHABLE_CODE = YES;
				CLANG_WARN__DUPLICATE_METHOD_MATCH = YES;
				CODE_SIGN_IDENTITY = "iPhone Distribution";
				"CODE_SIGN_IDENTITY[sdk=iphoneos*]" = "iPhone Distribution";
				COPY_PHASE_STRIP = NO;
				DEBUG_INFORMATION_FORMAT = "dwarf-with-dsym";
				DEVELOPMENT_TEAM = AQDKL45UZ8;
				ENABLE_NS_ASSERTIONS = NO;
				ENABLE_STRICT_OBJC_MSGSEND = YES;
				GCC_C_LANGUAGE_STANDARD = gnu99;
				GCC_NO_COMMON_BLOCKS = YES;
				GCC_WARN_64_TO_32_BIT_CONVERSION = YES;
				GCC_WARN_ABOUT_RETURN_TYPE = YES_ERROR;
				GCC_WARN_UNDECLARED_SELECTOR = YES;
				GCC_WARN_UNINITIALIZED_AUTOS = YES_AGGRESSIVE;
				GCC_WARN_UNUSED_FUNCTION = YES;
				GCC_WARN_UNUSED_VARIABLE = YES;
				IPHONEOS_DEPLOYMENT_TARGET = 10.0;
				MTL_ENABLE_DEBUG_INFO = NO;
				SDKROOT = iphoneos;
				SWIFT_OPTIMIZATION_LEVEL = "-Owholemodule";
				TARGETED_DEVICE_FAMILY = "1,2";
				VALIDATE_PRODUCT = YES;
			};
			name = Release;
		};
		FC471C761E0A4EDE00D80209 /* Debug */ = {
			isa = XCBuildConfiguration;
			buildSettings = {
				ALWAYS_EMBED_SWIFT_STANDARD_LIBRARIES = YES;
				ASSETCATALOG_COMPILER_APPICON_NAME = AppIcon;
				CODE_SIGN_IDENTITY = "iPhone Developer";
				"CODE_SIGN_IDENTITY[sdk=iphoneos*]" = "iPhone Developer";
				CODE_SIGN_STYLE = Automatic;
				DEVELOPMENT_TEAM = RPB3854KB6;
				INFOPLIST_FILE = ArabGleezi/Info.plist;
				IPHONEOS_DEPLOYMENT_TARGET = 9.0;
				LD_RUNPATH_SEARCH_PATHS = "$(inherited) @executable_path/Frameworks";
				PRODUCT_BUNDLE_IDENTIFIER = com.waddah.keyboard;
				PRODUCT_NAME = "$(TARGET_NAME)";
				PROVISIONING_PROFILE = "";
				PROVISIONING_PROFILE_SPECIFIER = "";
				SWIFT_VERSION = 3.0;
				TARGETED_DEVICE_FAMILY = "1,2";
				VALID_ARCHS = "arm64 armv7s armv7";
			};
			name = Debug;
		};
		FC471C771E0A4EDE00D80209 /* Release */ = {
			isa = XCBuildConfiguration;
			buildSettings = {
				ALWAYS_EMBED_SWIFT_STANDARD_LIBRARIES = YES;
				ASSETCATALOG_COMPILER_APPICON_NAME = AppIcon;
				CODE_SIGN_IDENTITY = "iPhone Developer";
				"CODE_SIGN_IDENTITY[sdk=iphoneos*]" = "iPhone Developer";
				CODE_SIGN_STYLE = Automatic;
				DEVELOPMENT_TEAM = RPB3854KB6;
				INFOPLIST_FILE = ArabGleezi/Info.plist;
				IPHONEOS_DEPLOYMENT_TARGET = 9.0;
				LD_RUNPATH_SEARCH_PATHS = "$(inherited) @executable_path/Frameworks";
				PRODUCT_BUNDLE_IDENTIFIER = com.waddah.keyboard;
				PRODUCT_NAME = "$(TARGET_NAME)";
				PROVISIONING_PROFILE = "";
				PROVISIONING_PROFILE_SPECIFIER = "";
				SWIFT_VERSION = 3.0;
				TARGETED_DEVICE_FAMILY = "1,2";
				VALID_ARCHS = "arm64 armv7s armv7";
			};
			name = Release;
		};
		FC471C851E0B08A500D80209 /* Debug */ = {
			isa = XCBuildConfiguration;
			buildSettings = {
				CODE_SIGN_IDENTITY = "iPhone Developer";
				"CODE_SIGN_IDENTITY[sdk=iphoneos*]" = "iPhone Developer";
				CODE_SIGN_STYLE = Automatic;
				DEVELOPMENT_TEAM = RPB3854KB6;
				INFOPLIST_FILE = "ArabGleezi keyboard/Info.plist";
				IPHONEOS_DEPLOYMENT_TARGET = 9.0;
				LD_RUNPATH_SEARCH_PATHS = "$(inherited) @executable_path/Frameworks @executable_path/../../Frameworks";
				PRODUCT_BUNDLE_IDENTIFIER = com.waddah.keyboard.ext;
				PRODUCT_NAME = "$(TARGET_NAME)";
				PROVISIONING_PROFILE_SPECIFIER = "";
				SKIP_INSTALL = YES;
				SWIFT_VERSION = 3.0;
				TARGETED_DEVICE_FAMILY = "1,2";
				VALID_ARCHS = "arm64 armv7s armv7";
			};
			name = Debug;
		};
		FC471C861E0B08A500D80209 /* Release */ = {
			isa = XCBuildConfiguration;
			buildSettings = {
				CODE_SIGN_IDENTITY = "iPhone Developer";
				"CODE_SIGN_IDENTITY[sdk=iphoneos*]" = "iPhone Developer";
				CODE_SIGN_STYLE = Automatic;
				DEVELOPMENT_TEAM = RPB3854KB6;
				INFOPLIST_FILE = "ArabGleezi keyboard/Info.plist";
				IPHONEOS_DEPLOYMENT_TARGET = 9.0;
				LD_RUNPATH_SEARCH_PATHS = "$(inherited) @executable_path/Frameworks @executable_path/../../Frameworks";
				PRODUCT_BUNDLE_IDENTIFIER = com.waddah.keyboard.ext;
				PRODUCT_NAME = "$(TARGET_NAME)";
				PROVISIONING_PROFILE_SPECIFIER = "";
				SKIP_INSTALL = YES;
				SWIFT_VERSION = 3.0;
				TARGETED_DEVICE_FAMILY = "1,2";
				VALID_ARCHS = "arm64 armv7s armv7";
			};
			name = Release;
		};
/* End XCBuildConfiguration section */

/* Begin XCConfigurationList section */
		FC471C5E1E0A4EDE00D80209 /* Build configuration list for PBXProject "ArabGleezi" */ = {
			isa = XCConfigurationList;
			buildConfigurations = (
				FC471C731E0A4EDE00D80209 /* Debug */,
				FC471C741E0A4EDE00D80209 /* Release */,
			);
			defaultConfigurationIsVisible = 0;
			defaultConfigurationName = Release;
		};
		FC471C751E0A4EDE00D80209 /* Build configuration list for PBXNativeTarget "ArabGleezi" */ = {
			isa = XCConfigurationList;
			buildConfigurations = (
				FC471C761E0A4EDE00D80209 /* Debug */,
				FC471C771E0A4EDE00D80209 /* Release */,
			);
			defaultConfigurationIsVisible = 0;
			defaultConfigurationName = Release;
		};
		FC471C841E0B08A500D80209 /* Build configuration list for PBXNativeTarget "ArabGleezi keyboard" */ = {
			isa = XCConfigurationList;
			buildConfigurations = (
				FC471C851E0B08A500D80209 /* Debug */,
				FC471C861E0B08A500D80209 /* Release */,
			);
			defaultConfigurationIsVisible = 0;
			defaultConfigurationName = Release;
		};
/* End XCConfigurationList section */
	};
	rootObject = FC471C5B1E0A4EDE00D80209 /* Project object */;
}
